
Microsoft Visual Studio Solution File, Format Version 12.00
# Visual Studio Version 16
VisualStudioVersion = 16.0.29209.152
MinimumVisualStudioVersion = 10.0.40219.1
Project("{9A19103F-16F7-4668-BE54-9A1E7A4F7556}") = "BlazorCSB8", "BlazorCSB8\BlazorCSB8.csproj", "{360EDBE3-7725-423C-953B-D5725DF8EE11}"
EndProject
Project("{9A19103F-16F7-4668-BE54-9A1E7A4F7556}") = "BlazorSSB8", "BlazorSSB8\BlazorSSB8.csproj", "{AE5316A8-BA7D-42BF-9CF9-0B3E4B02570F}"
EndProject
Project("{9A19103F-16F7-4668-BE54-9A1E7A4F7556}") = "BlazorComponents", "BlazorComponents\BlazorComponents.csproj", "{0425A6CB-337A-4416-AD99-9EE7688D47C4}"
EndProject
Project("{2150E333-8FDC-42A3-9474-1A3956D46DE8}") = "Solution Items", "Solution Items", "{2D5401DC-2F1A-4E42-9963-FED13E17D54A}"
	ProjectSection(SolutionItems) = preProject
		README.md = README.md
	EndProjectSection
EndProject
Global
	GlobalSection(SolutionConfigurationPlatforms) = preSolution
		Debug|Any CPU = Debug|Any CPU
		Release|Any CPU = Release|Any CPU
	EndGlobalSection
	GlobalSection(ProjectConfigurationPlatforms) = postSolution
		{360EDBE3-7725-423C-953B-D5725DF8EE11}.Debug|Any CPU.ActiveCfg = Debug|Any CPU
		{360EDBE3-7725-423C-953B-D5725DF8EE11}.Debug|Any CPU.Build.0 = Debug|Any CPU
		{360EDBE3-7725-423C-953B-D5725DF8EE11}.Release|Any CPU.ActiveCfg = Release|Any CPU
		{360EDBE3-7725-423C-953B-D5725DF8EE11}.Release|Any CPU.Build.0 = Release|Any CPU
		{AE5316A8-BA7D-42BF-9CF9-0B3E4B02570F}.Debug|Any CPU.ActiveCfg = Debug|Any CPU
		{AE5316A8-BA7D-42BF-9CF9-0B3E4B02570F}.Debug|Any CPU.Build.0 = Debug|Any CPU
		{AE5316A8-BA7D-42BF-9CF9-0B3E4B02570F}.Release|Any CPU.ActiveCfg = Release|Any CPU
		{AE5316A8-BA7D-42BF-9CF9-0B3E4B02570F}.Release|Any CPU.Build.0 = Release|Any CPU
		{0425A6CB-337A-4416-AD99-9EE7688D47C4}.Debug|Any CPU.ActiveCfg = Debug|Any CPU
		{0425A6CB-337A-4416-AD99-9EE7688D47C4}.Debug|Any CPU.Build.0 = Debug|Any CPU
		{0425A6CB-337A-4416-AD99-9EE7688D47C4}.Release|Any CPU.ActiveCfg = Release|Any CPU
		{0425A6CB-337A-4416-AD99-9EE7688D47C4}.Release|Any CPU.Build.0 = Release|Any CPU
	EndGlobalSection
	GlobalSection(SolutionProperties) = preSolution
		HideSolutionNode = FALSE
	EndGlobalSection
	GlobalSection(ExtensibilityGlobals) = postSolution
		SolutionGuid = {D28EF02C-7ED3-4E4B-BBE3-D4A07EC25811}
	EndGlobalSection
EndGlobal
